
Microsoft Visual Studio Solution File, Format Version 12.00
# Visual Studio Version 17
VisualStudioVersion = 17.9.34607.119
MinimumVisualStudioVersion = 10.0.40219.1
Project("{FAE04EC0-301F-11D3-BF4B-00C04F79EFBC}") = "Task Board API", "Task Board API\Task Board API.csproj", "{172964E6-B8CD-48DD-AFD5-32C0EF0260F9}"
EndProject
Global
	GlobalSection(SolutionConfigurationPlatforms) = preSolution
		Debug|Any CPU = Debug|Any CPU
		Release|Any CPU = Release|Any CPU
	EndGlobalSection
	GlobalSection(ProjectConfigurationPlatforms) = postSolution
		{172964E6-B8CD-48DD-AFD5-32C0EF0260F9}.Debug|Any CPU.ActiveCfg = Debug|Any CPU
		{172964E6-B8CD-48DD-AFD5-32C0EF0260F9}.Debug|Any CPU.Build.0 = Debug|Any CPU
		{172964E6-B8CD-48DD-AFD5-32C0EF0260F9}.Release|Any CPU.ActiveCfg = Release|Any CPU
		{172964E6-B8CD-48DD-AFD5-32C0EF0260F9}.Release|Any CPU.Build.0 = Release|Any CPU
	EndGlobalSection
	GlobalSection(SolutionProperties) = preSolution
		HideSolutionNode = FALSE
	EndGlobalSection
	GlobalSection(ExtensibilityGlobals) = postSolution
		SolutionGuid = {5FA6F36E-FF3E-4DC9-88BB-EE1C5EC25E42}
	EndGlobalSection
EndGlobal
